// !$*UTF8*$!
{
	archiveVersion = 1;
	classes = {
	};
	objectVersion = 48;
	objects = {

/* Begin PBXBuildFile section */
		2534396B00D8CD6E1E7BCD53 /* Pods_EnergyTests.framework in Frameworks */ = {isa = PBXBuildFile; fileRef = FA1C6580C29874A7C1F7744A /* Pods_EnergyTests.framework */; };
		431FA43A1FD35C0200D05349 /* WebKit.framework in Frameworks */ = {isa = PBXBuildFile; fileRef = 431FA4391FD35C0200D05349 /* WebKit.framework */; };
		439D5B6F1FD336070033C61A /* AppDelegate.swift in Sources */ = {isa = PBXBuildFile; fileRef = 439D5B6E1FD336070033C61A /* AppDelegate.swift */; };
		439D5B711FD336070033C61A /* ViewController.swift in Sources */ = {isa = PBXBuildFile; fileRef = 439D5B701FD336070033C61A /* ViewController.swift */; };
		439D5B741FD336070033C61A /* Main.storyboard in Resources */ = {isa = PBXBuildFile; fileRef = 439D5B721FD336070033C61A /* Main.storyboard */; };
		439D5B761FD336070033C61A /* Assets.xcassets in Resources */ = {isa = PBXBuildFile; fileRef = 439D5B751FD336070033C61A /* Assets.xcassets */; };
		439D5B791FD336070033C61A /* LaunchScreen.storyboard in Resources */ = {isa = PBXBuildFile; fileRef = 439D5B771FD336070033C61A /* LaunchScreen.storyboard */; };
		439D5B841FD336070033C61A /* EnergyTests.swift in Sources */ = {isa = PBXBuildFile; fileRef = 439D5B831FD336070033C61A /* EnergyTests.swift */; };
		439D5B8F1FD336070033C61A /* EnergyUITests.swift in Sources */ = {isa = PBXBuildFile; fileRef = 439D5B8E1FD336070033C61A /* EnergyUITests.swift */; };
		4BCF366ACF8A977DBB2C2AF6 /* Pods_EnergyUITests.framework in Frameworks */ = {isa = PBXBuildFile; fileRef = 0E48EF981160F7DB4491C99E /* Pods_EnergyUITests.framework */; };
		95F22D49945CA3367CDAB3A2 /* Pods_Energy.framework in Frameworks */ = {isa = PBXBuildFile; fileRef = 7FAD5110AF6B5F0617FF0E50 /* Pods_Energy.framework */; };
/* End PBXBuildFile section */

/* Begin PBXContainerItemProxy section */
		439D5B801FD336070033C61A /* PBXContainerItemProxy */ = {
			isa = PBXContainerItemProxy;
			containerPortal = 439D5B631FD336070033C61A /* Project object */;
			proxyType = 1;
			remoteGlobalIDString = 439D5B6A1FD336070033C61A;
			remoteInfo = Energy;
		};
		439D5B8B1FD336070033C61A /* PBXContainerItemProxy */ = {
			isa = PBXContainerItemProxy;
			containerPortal = 439D5B631FD336070033C61A /* Project object */;
			proxyType = 1;
			remoteGlobalIDString = 439D5B6A1FD336070033C61A;
			remoteInfo = Energy;
		};
/* End PBXContainerItemProxy section */

/* Begin PBXFileReference section */
		05485F40D15ECA5655BC88DB /* Pods-Energy.debug.xcconfig */ = {isa = PBXFileReference; includeInIndex = 1; lastKnownFileType = text.xcconfig; name = "Pods-Energy.debug.xcconfig"; path = "Pods/Target Support Files/Pods-Energy/Pods-Energy.debug.xcconfig"; sourceTree = "<group>"; };
		0E48EF981160F7DB4491C99E /* Pods_EnergyUITests.framework */ = {isa = PBXFileReference; explicitFileType = wrapper.framework; includeInIndex = 0; path = Pods_EnergyUITests.framework; sourceTree = BUILT_PRODUCTS_DIR; };
		431FA4391FD35C0200D05349 /* WebKit.framework */ = {isa = PBXFileReference; lastKnownFileType = wrapper.framework; name = WebKit.framework; path = System/Library/Frameworks/WebKit.framework; sourceTree = SDKROOT; };
		439D5B6B1FD336070033C61A /* Energy.app */ = {isa = PBXFileReference; explicitFileType = wrapper.application; includeInIndex = 0; path = Energy.app; sourceTree = BUILT_PRODUCTS_DIR; };
		439D5B6E1FD336070033C61A /* AppDelegate.swift */ = {isa = PBXFileReference; lastKnownFileType = sourcecode.swift; path = AppDelegate.swift; sourceTree = "<group>"; };
		439D5B701FD336070033C61A /* ViewController.swift */ = {isa = PBXFileReference; lastKnownFileType = sourcecode.swift; path = ViewController.swift; sourceTree = "<group>"; };
		439D5B731FD336070033C61A /* Base */ = {isa = PBXFileReference; lastKnownFileType = file.storyboard; name = Base; path = Base.lproj/Main.storyboard; sourceTree = "<group>"; };
		439D5B751FD336070033C61A /* Assets.xcassets */ = {isa = PBXFileReference; lastKnownFileType = folder.assetcatalog; path = Assets.xcassets; sourceTree = "<group>"; };
		439D5B781FD336070033C61A /* Base */ = {isa = PBXFileReference; lastKnownFileType = file.storyboard; name = Base; path = Base.lproj/LaunchScreen.storyboard; sourceTree = "<group>"; };
		439D5B7A1FD336070033C61A /* Info.plist */ = {isa = PBXFileReference; lastKnownFileType = text.plist.xml; path = Info.plist; sourceTree = "<group>"; };
		439D5B7F1FD336070033C61A /* EnergyTests.xctest */ = {isa = PBXFileReference; explicitFileType = wrapper.cfbundle; includeInIndex = 0; path = EnergyTests.xctest; sourceTree = BUILT_PRODUCTS_DIR; };
		439D5B831FD336070033C61A /* EnergyTests.swift */ = {isa = PBXFileReference; lastKnownFileType = sourcecode.swift; path = EnergyTests.swift; sourceTree = "<group>"; };
		439D5B851FD336070033C61A /* Info.plist */ = {isa = PBXFileReference; lastKnownFileType = text.plist.xml; path = Info.plist; sourceTree = "<group>"; };
		439D5B8A1FD336070033C61A /* EnergyUITests.xctest */ = {isa = PBXFileReference; explicitFileType = wrapper.cfbundle; includeInIndex = 0; path = EnergyUITests.xctest; sourceTree = BUILT_PRODUCTS_DIR; };
		439D5B8E1FD336070033C61A /* EnergyUITests.swift */ = {isa = PBXFileReference; lastKnownFileType = sourcecode.swift; path = EnergyUITests.swift; sourceTree = "<group>"; };
		439D5B901FD336070033C61A /* Info.plist */ = {isa = PBXFileReference; lastKnownFileType = text.plist.xml; path = Info.plist; sourceTree = "<group>"; };
		6050E16C5E78AED734502126 /* Pods-EnergyUITests.debug.xcconfig */ = {isa = PBXFileReference; includeInIndex = 1; lastKnownFileType = text.xcconfig; name = "Pods-EnergyUITests.debug.xcconfig"; path = "Pods/Target Support Files/Pods-EnergyUITests/Pods-EnergyUITests.debug.xcconfig"; sourceTree = "<group>"; };
		7FAD5110AF6B5F0617FF0E50 /* Pods_Energy.framework */ = {isa = PBXFileReference; explicitFileType = wrapper.framework; includeInIndex = 0; path = Pods_Energy.framework; sourceTree = BUILT_PRODUCTS_DIR; };
		8D69E7E66E1463A5EBC1D868 /* Pods-EnergyTests.debug.xcconfig */ = {isa = PBXFileReference; includeInIndex = 1; lastKnownFileType = text.xcconfig; name = "Pods-EnergyTests.debug.xcconfig"; path = "Pods/Target Support Files/Pods-EnergyTests/Pods-EnergyTests.debug.xcconfig"; sourceTree = "<group>"; };
		8F619E36E7DDFEBCB1978E06 /* Pods-EnergyUITests.release.xcconfig */ = {isa = PBXFileReference; includeInIndex = 1; lastKnownFileType = text.xcconfig; name = "Pods-EnergyUITests.release.xcconfig"; path = "Pods/Target Support Files/Pods-EnergyUITests/Pods-EnergyUITests.release.xcconfig"; sourceTree = "<group>"; };
		9A497BA87B4DB6164AFA3724 /* Pods-EnergyTests.release.xcconfig */ = {isa = PBXFileReference; includeInIndex = 1; lastKnownFileType = text.xcconfig; name = "Pods-EnergyTests.release.xcconfig"; path = "Pods/Target Support Files/Pods-EnergyTests/Pods-EnergyTests.release.xcconfig"; sourceTree = "<group>"; };
		ACC2864AC652599B62C79F2E /* Pods-Energy.release.xcconfig */ = {isa = PBXFileReference; includeInIndex = 1; lastKnownFileType = text.xcconfig; name = "Pods-Energy.release.xcconfig"; path = "Pods/Target Support Files/Pods-Energy/Pods-Energy.release.xcconfig"; sourceTree = "<group>"; };
		FA1C6580C29874A7C1F7744A /* Pods_EnergyTests.framework */ = {isa = PBXFileReference; explicitFileType = wrapper.framework; includeInIndex = 0; path = Pods_EnergyTests.framework; sourceTree = BUILT_PRODUCTS_DIR; };
/* End PBXFileReference section */

/* Begin PBXFrameworksBuildPhase section */
		439D5B681FD336070033C61A /* Frameworks */ = {
			isa = PBXFrameworksBuildPhase;
			buildActionMask = 2147483647;
			files = (
				431FA43A1FD35C0200D05349 /* WebKit.framework in Frameworks */,
				95F22D49945CA3367CDAB3A2 /* Pods_Energy.framework in Frameworks */,
			);
			runOnlyForDeploymentPostprocessing = 0;
		};
		439D5B7C1FD336070033C61A /* Frameworks */ = {
			isa = PBXFrameworksBuildPhase;
			buildActionMask = 2147483647;
			files = (
				2534396B00D8CD6E1E7BCD53 /* Pods_EnergyTests.framework in Frameworks */,
			);
			runOnlyForDeploymentPostprocessing = 0;
		};
		439D5B871FD336070033C61A /* Frameworks */ = {
			isa = PBXFrameworksBuildPhase;
			buildActionMask = 2147483647;
			files = (
				4BCF366ACF8A977DBB2C2AF6 /* Pods_EnergyUITests.framework in Frameworks */,
			);
			runOnlyForDeploymentPostprocessing = 0;
		};
/* End PBXFrameworksBuildPhase section */

/* Begin PBXGroup section */
		0B699CA3FFB29D37D221FD0C /* Pods */ = {
			isa = PBXGroup;
			children = (
				05485F40D15ECA5655BC88DB /* Pods-Energy.debug.xcconfig */,
				ACC2864AC652599B62C79F2E /* Pods-Energy.release.xcconfig */,
				8D69E7E66E1463A5EBC1D868 /* Pods-EnergyTests.debug.xcconfig */,
				9A497BA87B4DB6164AFA3724 /* Pods-EnergyTests.release.xcconfig */,
				6050E16C5E78AED734502126 /* Pods-EnergyUITests.debug.xcconfig */,
				8F619E36E7DDFEBCB1978E06 /* Pods-EnergyUITests.release.xcconfig */,
			);
			name = Pods;
			sourceTree = "<group>";
		};
		439D5B621FD336070033C61A = {
			isa = PBXGroup;
			children = (
				439D5B6D1FD336070033C61A /* Energy */,
				439D5B821FD336070033C61A /* EnergyTests */,
				439D5B8D1FD336070033C61A /* EnergyUITests */,
				439D5B6C1FD336070033C61A /* Products */,
				0B699CA3FFB29D37D221FD0C /* Pods */,
				996DBB120E96FAA1ABCB73B6 /* Frameworks */,
			);
			sourceTree = "<group>";
		};
		439D5B6C1FD336070033C61A /* Products */ = {
			isa = PBXGroup;
			children = (
				439D5B6B1FD336070033C61A /* Energy.app */,
				439D5B7F1FD336070033C61A /* EnergyTests.xctest */,
				439D5B8A1FD336070033C61A /* EnergyUITests.xctest */,
			);
			name = Products;
			sourceTree = "<group>";
		};
		439D5B6D1FD336070033C61A /* Energy */ = {
			isa = PBXGroup;
			children = (
				439D5B6E1FD336070033C61A /* AppDelegate.swift */,
				439D5B701FD336070033C61A /* ViewController.swift */,
				439D5B721FD336070033C61A /* Main.storyboard */,
				439D5B751FD336070033C61A /* Assets.xcassets */,
				439D5B771FD336070033C61A /* LaunchScreen.storyboard */,
				439D5B7A1FD336070033C61A /* Info.plist */,
			);
			path = Energy;
			sourceTree = "<group>";
		};
		439D5B821FD336070033C61A /* EnergyTests */ = {
			isa = PBXGroup;
			children = (
				439D5B831FD336070033C61A /* EnergyTests.swift */,
				439D5B851FD336070033C61A /* Info.plist */,
			);
			path = EnergyTests;
			sourceTree = "<group>";
		};
		439D5B8D1FD336070033C61A /* EnergyUITests */ = {
			isa = PBXGroup;
			children = (
				439D5B8E1FD336070033C61A /* EnergyUITests.swift */,
				439D5B901FD336070033C61A /* Info.plist */,
			);
			path = EnergyUITests;
			sourceTree = "<group>";
		};
		996DBB120E96FAA1ABCB73B6 /* Frameworks */ = {
			isa = PBXGroup;
			children = (
				431FA4391FD35C0200D05349 /* WebKit.framework */,
				7FAD5110AF6B5F0617FF0E50 /* Pods_Energy.framework */,
				FA1C6580C29874A7C1F7744A /* Pods_EnergyTests.framework */,
				0E48EF981160F7DB4491C99E /* Pods_EnergyUITests.framework */,
			);
			name = Frameworks;
			sourceTree = "<group>";
		};
/* End PBXGroup section */

/* Begin PBXNativeTarget section */
		439D5B6A1FD336070033C61A /* Energy */ = {
			isa = PBXNativeTarget;
			buildConfigurationList = 439D5B931FD336070033C61A /* Build configuration list for PBXNativeTarget "Energy" */;
			buildPhases = (
				0718DAB47C64845D34888F5A /* [CP] Check Pods Manifest.lock */,
				439D5B671FD336070033C61A /* Sources */,
				439D5B681FD336070033C61A /* Frameworks */,
				439D5B691FD336070033C61A /* Resources */,
				04EA01F8B9FDB4F35D0AD37C /* [CP] Embed Pods Frameworks */,
				7B056C6804466A85494E8A5D /* [CP] Copy Pods Resources */,
			);
			buildRules = (
			);
			dependencies = (
			);
			name = Energy;
			productName = Energy;
			productReference = 439D5B6B1FD336070033C61A /* Energy.app */;
			productType = "com.apple.product-type.application";
		};
		439D5B7E1FD336070033C61A /* EnergyTests */ = {
			isa = PBXNativeTarget;
			buildConfigurationList = 439D5B961FD336070033C61A /* Build configuration list for PBXNativeTarget "EnergyTests" */;
			buildPhases = (
				A96DE984FCA522D854876405 /* [CP] Check Pods Manifest.lock */,
				439D5B7B1FD336070033C61A /* Sources */,
				439D5B7C1FD336070033C61A /* Frameworks */,
				439D5B7D1FD336070033C61A /* Resources */,
				6F1A7435BACA53B1BAB120D6 /* [CP] Embed Pods Frameworks */,
				0757BFFC1D0481A0E57A435B /* [CP] Copy Pods Resources */,
			);
			buildRules = (
			);
			dependencies = (
				439D5B811FD336070033C61A /* PBXTargetDependency */,
			);
			name = EnergyTests;
			productName = EnergyTests;
			productReference = 439D5B7F1FD336070033C61A /* EnergyTests.xctest */;
			productType = "com.apple.product-type.bundle.unit-test";
		};
		439D5B891FD336070033C61A /* EnergyUITests */ = {
			isa = PBXNativeTarget;
			buildConfigurationList = 439D5B991FD336070033C61A /* Build configuration list for PBXNativeTarget "EnergyUITests" */;
			buildPhases = (
				60406304657660D11F1F340B /* [CP] Check Pods Manifest.lock */,
				439D5B861FD336070033C61A /* Sources */,
				439D5B871FD336070033C61A /* Frameworks */,
				439D5B881FD336070033C61A /* Resources */,
				82F5B619AEB79496EE720B54 /* [CP] Embed Pods Frameworks */,
				5449B9D35ADDBDED16019217 /* [CP] Copy Pods Resources */,
			);
			buildRules = (
			);
			dependencies = (
				439D5B8C1FD336070033C61A /* PBXTargetDependency */,
			);
			name = EnergyUITests;
			productName = EnergyUITests;
			productReference = 439D5B8A1FD336070033C61A /* EnergyUITests.xctest */;
			productType = "com.apple.product-type.bundle.ui-testing";
		};
/* End PBXNativeTarget section */

/* Begin PBXProject section */
		439D5B631FD336070033C61A /* Project object */ = {
			isa = PBXProject;
			attributes = {
				LastSwiftUpdateCheck = 0910;
				LastUpgradeCheck = 0910;
				ORGANIZATIONNAME = "Taivon Thompson";
				TargetAttributes = {
					439D5B6A1FD336070033C61A = {
						CreatedOnToolsVersion = 9.1;
						ProvisioningStyle = Automatic;
					};
					439D5B7E1FD336070033C61A = {
						CreatedOnToolsVersion = 9.1;
						ProvisioningStyle = Automatic;
						TestTargetID = 439D5B6A1FD336070033C61A;
					};
					439D5B891FD336070033C61A = {
						CreatedOnToolsVersion = 9.1;
						ProvisioningStyle = Automatic;
						TestTargetID = 439D5B6A1FD336070033C61A;
					};
				};
			};
			buildConfigurationList = 439D5B661FD336070033C61A /* Build configuration list for PBXProject "Energy" */;
			compatibilityVersion = "Xcode 8.0";
			developmentRegion = en;
			hasScannedForEncodings = 0;
			knownRegions = (
				en,
				Base,
			);
			mainGroup = 439D5B621FD336070033C61A;
			productRefGroup = 439D5B6C1FD336070033C61A /* Products */;
			projectDirPath = "";
			projectRoot = "";
			targets = (
				439D5B6A1FD336070033C61A /* Energy */,
				439D5B7E1FD336070033C61A /* EnergyTests */,
				439D5B891FD336070033C61A /* EnergyUITests */,
			);
		};
/* End PBXProject section */

/* Begin PBXResourcesBuildPhase section */
		439D5B691FD336070033C61A /* Resources */ = {
			isa = PBXResourcesBuildPhase;
			buildActionMask = 2147483647;
			files = (
				439D5B791FD336070033C61A /* LaunchScreen.storyboard in Resources */,
				439D5B761FD336070033C61A /* Assets.xcassets in Resources */,
				439D5B741FD336070033C61A /* Main.storyboard in Resources */,
			);
			runOnlyForDeploymentPostprocessing = 0;
		};
		439D5B7D1FD336070033C61A /* Resources */ = {
			isa = PBXResourcesBuildPhase;
			buildActionMask = 2147483647;
			files = (
			);
			runOnlyForDeploymentPostprocessing = 0;
		};
		439D5B881FD336070033C61A /* Resources */ = {
			isa = PBXResourcesBuildPhase;
			buildActionMask = 2147483647;
			files = (
			);
			runOnlyForDeploymentPostprocessing = 0;
		};
/* End PBXResourcesBuildPhase section */

/* Begin PBXShellScriptBuildPhase section */
		04EA01F8B9FDB4F35D0AD37C /* [CP] Embed Pods Frameworks */ = {
			isa = PBXShellScriptBuildPhase;
			buildActionMask = 2147483647;
			files = (
			);
			inputPaths = (
				"${SRCROOT}/Pods/Target Support Files/Pods-Energy/Pods-Energy-frameworks.sh",
				"${BUILT_PRODUCTS_DIR}/Charts/Charts.framework",
			);
			name = "[CP] Embed Pods Frameworks";
			outputPaths = (
				"${TARGET_BUILD_DIR}/${FRAMEWORKS_FOLDER_PATH}/Charts.framework",
			);
			runOnlyForDeploymentPostprocessing = 0;
			shellPath = /bin/sh;
			shellScript = "\"${SRCROOT}/Pods/Target Support Files/Pods-Energy/Pods-Energy-frameworks.sh\"\n";
			showEnvVarsInLog = 0;
		};
		0718DAB47C64845D34888F5A /* [CP] Check Pods Manifest.lock */ = {
			isa = PBXShellScriptBuildPhase;
			buildActionMask = 2147483647;
			files = (
			);
			inputPaths = (
				"${PODS_PODFILE_DIR_PATH}/Podfile.lock",
				"${PODS_ROOT}/Manifest.lock",
			);
			name = "[CP] Check Pods Manifest.lock";
			outputPaths = (
				"$(DERIVED_FILE_DIR)/Pods-Energy-checkManifestLockResult.txt",
			);
			runOnlyForDeploymentPostprocessing = 0;
			shellPath = /bin/sh;
			shellScript = "diff \"${PODS_PODFILE_DIR_PATH}/Podfile.lock\" \"${PODS_ROOT}/Manifest.lock\" > /dev/null\nif [ $? != 0 ] ; then\n    # print error to STDERR\n    echo \"error: The sandbox is not in sync with the Podfile.lock. Run 'pod install' or update your CocoaPods installation.\" >&2\n    exit 1\nfi\n# This output is used by Xcode 'outputs' to avoid re-running this script phase.\necho \"SUCCESS\" > \"${SCRIPT_OUTPUT_FILE_0}\"\n";
			showEnvVarsInLog = 0;
		};
		0757BFFC1D0481A0E57A435B /* [CP] Copy Pods Resources */ = {
			isa = PBXShellScriptBuildPhase;
			buildActionMask = 2147483647;
			files = (
			);
			inputPaths = (
			);
			name = "[CP] Copy Pods Resources";
			outputPaths = (
			);
			runOnlyForDeploymentPostprocessing = 0;
			shellPath = /bin/sh;
			shellScript = "\"${SRCROOT}/Pods/Target Support Files/Pods-EnergyTests/Pods-EnergyTests-resources.sh\"\n";
			showEnvVarsInLog = 0;
		};
		5449B9D35ADDBDED16019217 /* [CP] Copy Pods Resources */ = {
			isa = PBXShellScriptBuildPhase;
			buildActionMask = 2147483647;
			files = (
			);
			inputPaths = (
			);
			name = "[CP] Copy Pods Resources";
			outputPaths = (
			);
			runOnlyForDeploymentPostprocessing = 0;
			shellPath = /bin/sh;
			shellScript = "\"${SRCROOT}/Pods/Target Support Files/Pods-EnergyUITests/Pods-EnergyUITests-resources.sh\"\n";
			showEnvVarsInLog = 0;
		};
		60406304657660D11F1F340B /* [CP] Check Pods Manifest.lock */ = {
			isa = PBXShellScriptBuildPhase;
			buildActionMask = 2147483647;
			files = (
			);
			inputPaths = (
				"${PODS_PODFILE_DIR_PATH}/Podfile.lock",
				"${PODS_ROOT}/Manifest.lock",
			);
			name = "[CP] Check Pods Manifest.lock";
			outputPaths = (
				"$(DERIVED_FILE_DIR)/Pods-EnergyUITests-checkManifestLockResult.txt",
			);
			runOnlyForDeploymentPostprocessing = 0;
			shellPath = /bin/sh;
			shellScript = "diff \"${PODS_PODFILE_DIR_PATH}/Podfile.lock\" \"${PODS_ROOT}/Manifest.lock\" > /dev/null\nif [ $? != 0 ] ; then\n    # print error to STDERR\n    echo \"error: The sandbox is not in sync with the Podfile.lock. Run 'pod install' or update your CocoaPods installation.\" >&2\n    exit 1\nfi\n# This output is used by Xcode 'outputs' to avoid re-running this script phase.\necho \"SUCCESS\" > \"${SCRIPT_OUTPUT_FILE_0}\"\n";
			showEnvVarsInLog = 0;
		};
		6F1A7435BACA53B1BAB120D6 /* [CP] Embed Pods Frameworks */ = {
			isa = PBXShellScriptBuildPhase;
			buildActionMask = 2147483647;
			files = (
			);
			inputPaths = (
			);
			name = "[CP] Embed Pods Frameworks";
			outputPaths = (
			);
			runOnlyForDeploymentPostprocessing = 0;
			shellPath = /bin/sh;
			shellScript = "\"${SRCROOT}/Pods/Target Support Files/Pods-EnergyTests/Pods-EnergyTests-frameworks.sh\"\n";
			showEnvVarsInLog = 0;
		};
		7B056C6804466A85494E8A5D /* [CP] Copy Pods Resources */ = {
			isa = PBXShellScriptBuildPhase;
			buildActionMask = 2147483647;
			files = (
			);
			inputPaths = (
			);
			name = "[CP] Copy Pods Resources";
			outputPaths = (
			);
			runOnlyForDeploymentPostprocessing = 0;
			shellPath = /bin/sh;
			shellScript = "\"${SRCROOT}/Pods/Target Support Files/Pods-Energy/Pods-Energy-resources.sh\"\n";
			showEnvVarsInLog = 0;
		};
		82F5B619AEB79496EE720B54 /* [CP] Embed Pods Frameworks */ = {
			isa = PBXShellScriptBuildPhase;
			buildActionMask = 2147483647;
			files = (
			);
			inputPaths = (
			);
			name = "[CP] Embed Pods Frameworks";
			outputPaths = (
			);
			runOnlyForDeploymentPostprocessing = 0;
			shellPath = /bin/sh;
			shellScript = "\"${SRCROOT}/Pods/Target Support Files/Pods-EnergyUITests/Pods-EnergyUITests-frameworks.sh\"\n";
			showEnvVarsInLog = 0;
		};
		A96DE984FCA522D854876405 /* [CP] Check Pods Manifest.lock */ = {
			isa = PBXShellScriptBuildPhase;
			buildActionMask = 2147483647;
			files = (
			);
			inputPaths = (
				"${PODS_PODFILE_DIR_PATH}/Podfile.lock",
				"${PODS_ROOT}/Manifest.lock",
			);
			name = "[CP] Check Pods Manifest.lock";
			outputPaths = (
				"$(DERIVED_FILE_DIR)/Pods-EnergyTests-checkManifestLockResult.txt",
			);
			runOnlyForDeploymentPostprocessing = 0;
			shellPath = /bin/sh;
			shellScript = "diff \"${PODS_PODFILE_DIR_PATH}/Podfile.lock\" \"${PODS_ROOT}/Manifest.lock\" > /dev/null\nif [ $? != 0 ] ; then\n    # print error to STDERR\n    echo \"error: The sandbox is not in sync with the Podfile.lock. Run 'pod install' or update your CocoaPods installation.\" >&2\n    exit 1\nfi\n# This output is used by Xcode 'outputs' to avoid re-running this script phase.\necho \"SUCCESS\" > \"${SCRIPT_OUTPUT_FILE_0}\"\n";
			showEnvVarsInLog = 0;
		};
/* End PBXShellScriptBuildPhase section */

/* Begin PBXSourcesBuildPhase section */
		439D5B671FD336070033C61A /* Sources */ = {
			isa = PBXSourcesBuildPhase;
			buildActionMask = 2147483647;
			files = (
				439D5B711FD336070033C61A /* ViewController.swift in Sources */,
				439D5B6F1FD336070033C61A /* AppDelegate.swift in Sources */,
			);
			runOnlyForDeploymentPostprocessing = 0;
		};
		439D5B7B1FD336070033C61A /* Sources */ = {
			isa = PBXSourcesBuildPhase;
			buildActionMask = 2147483647;
			files = (
				439D5B841FD336070033C61A /* EnergyTests.swift in Sources */,
			);
			runOnlyForDeploymentPostprocessing = 0;
		};
		439D5B861FD336070033C61A /* Sources */ = {
			isa = PBXSourcesBuildPhase;
			buildActionMask = 2147483647;
			files = (
				439D5B8F1FD336070033C61A /* EnergyUITests.swift in Sources */,
			);
			runOnlyForDeploymentPostprocessing = 0;
		};
/* End PBXSourcesBuildPhase section */

/* Begin PBXTargetDependency section */
		439D5B811FD336070033C61A /* PBXTargetDependency */ = {
			isa = PBXTargetDependency;
			target = 439D5B6A1FD336070033C61A /* Energy */;
			targetProxy = 439D5B801FD336070033C61A /* PBXContainerItemProxy */;
		};
		439D5B8C1FD336070033C61A /* PBXTargetDependency */ = {
			isa = PBXTargetDependency;
			target = 439D5B6A1FD336070033C61A /* Energy */;
			targetProxy = 439D5B8B1FD336070033C61A /* PBXContainerItemProxy */;
		};
/* End PBXTargetDependency section */

/* Begin PBXVariantGroup section */
		439D5B721FD336070033C61A /* Main.storyboard */ = {
			isa = PBXVariantGroup;
			children = (
				439D5B731FD336070033C61A /* Base */,
			);
			name = Main.storyboard;
			sourceTree = "<group>";
		};
		439D5B771FD336070033C61A /* LaunchScreen.storyboard */ = {
			isa = PBXVariantGroup;
			children = (
				439D5B781FD336070033C61A /* Base */,
			);
			name = LaunchScreen.storyboard;
			sourceTree = "<group>";
		};
/* End PBXVariantGroup section */

/* Begin XCBuildConfiguration section */
		439D5B911FD336070033C61A /* Debug */ = {
			isa = XCBuildConfiguration;
			buildSettings = {
				ALWAYS_SEARCH_USER_PATHS = NO;
				CLANG_ANALYZER_NONNULL = YES;
				CLANG_ANALYZER_NUMBER_OBJECT_CONVERSION = YES_AGGRESSIVE;
				CLANG_CXX_LANGUAGE_STANDARD = "gnu++14";
				CLANG_CXX_LIBRARY = "libc++";
				CLANG_ENABLE_MODULES = YES;
				CLANG_ENABLE_OBJC_ARC = YES;
				CLANG_WARN_BLOCK_CAPTURE_AUTORELEASING = YES;
				CLANG_WARN_BOOL_CONVERSION = YES;
				CLANG_WARN_COMMA = YES;
				CLANG_WARN_CONSTANT_CONVERSION = YES;
				CLANG_WARN_DIRECT_OBJC_ISA_USAGE = YES_ERROR;
				CLANG_WARN_DOCUMENTATION_COMMENTS = YES;
				CLANG_WARN_EMPTY_BODY = YES;
				CLANG_WARN_ENUM_CONVERSION = YES;
				CLANG_WARN_INFINITE_RECURSION = YES;
				CLANG_WARN_INT_CONVERSION = YES;
				CLANG_WARN_NON_LITERAL_NULL_CONVERSION = YES;
				CLANG_WARN_OBJC_LITERAL_CONVERSION = YES;
				CLANG_WARN_OBJC_ROOT_CLASS = YES_ERROR;
				CLANG_WARN_RANGE_LOOP_ANALYSIS = YES;
				CLANG_WARN_STRICT_PROTOTYPES = YES;
				CLANG_WARN_SUSPICIOUS_MOVE = YES;
				CLANG_WARN_UNGUARDED_AVAILABILITY = YES_AGGRESSIVE;
				CLANG_WARN_UNREACHABLE_CODE = YES;
				CLANG_WARN__DUPLICATE_METHOD_MATCH = YES;
				CODE_SIGN_IDENTITY = "iPhone Developer";
				COPY_PHASE_STRIP = NO;
				DEBUG_INFORMATION_FORMAT = dwarf;
				ENABLE_STRICT_OBJC_MSGSEND = YES;
				ENABLE_TESTABILITY = YES;
				GCC_C_LANGUAGE_STANDARD = gnu11;
				GCC_DYNAMIC_NO_PIC = NO;
				GCC_NO_COMMON_BLOCKS = YES;
				GCC_OPTIMIZATION_LEVEL = 0;
				GCC_PREPROCESSOR_DEFINITIONS = (
					"DEBUG=1",
					"$(inherited)",
				);
				GCC_WARN_64_TO_32_BIT_CONVERSION = YES;
				GCC_WARN_ABOUT_RETURN_TYPE = YES_ERROR;
				GCC_WARN_UNDECLARED_SELECTOR = YES;
				GCC_WARN_UNINITIALIZED_AUTOS = YES_AGGRESSIVE;
				GCC_WARN_UNUSED_FUNCTION = YES;
				GCC_WARN_UNUSED_VARIABLE = YES;
				IPHONEOS_DEPLOYMENT_TARGET = 11.1;
				MTL_ENABLE_DEBUG_INFO = YES;
				ONLY_ACTIVE_ARCH = YES;
				SDKROOT = iphoneos;
				SWIFT_ACTIVE_COMPILATION_CONDITIONS = DEBUG;
				SWIFT_OPTIMIZATION_LEVEL = "-Onone";
			};
			name = Debug;
		};
		439D5B921FD336070033C61A /* Release */ = {
			isa = XCBuildConfiguration;
			buildSettings = {
				ALWAYS_SEARCH_USER_PATHS = NO;
				CLANG_ANALYZER_NONNULL = YES;
				CLANG_ANALYZER_NUMBER_OBJECT_CONVERSION = YES_AGGRESSIVE;
				CLANG_CXX_LANGUAGE_STANDARD = "gnu++14";
				CLANG_CXX_LIBRARY = "libc++";
				CLANG_ENABLE_MODULES = YES;
				CLANG_ENABLE_OBJC_ARC = YES;
				CLANG_WARN_BLOCK_CAPTURE_AUTORELEASING = YES;
				CLANG_WARN_BOOL_CONVERSION = YES;
				CLANG_WARN_COMMA = YES;
				CLANG_WARN_CONSTANT_CONVERSION = YES;
				CLANG_WARN_DIRECT_OBJC_ISA_USAGE = YES_ERROR;
				CLANG_WARN_DOCUMENTATION_COMMENTS = YES;
				CLANG_WARN_EMPTY_BODY = YES;
				CLANG_WARN_ENUM_CONVERSION = YES;
				CLANG_WARN_INFINITE_RECURSION = YES;
				CLANG_WARN_INT_CONVERSION = YES;
				CLANG_WARN_NON_LITERAL_NULL_CONVERSION = YES;
				CLANG_WARN_OBJC_LITERAL_CONVERSION = YES;
				CLANG_WARN_OBJC_ROOT_CLASS = YES_ERROR;
				CLANG_WARN_RANGE_LOOP_ANALYSIS = YES;
				CLANG_WARN_STRICT_PROTOTYPES = YES;
				CLANG_WARN_SUSPICIOUS_MOVE = YES;
				CLANG_WARN_UNGUARDED_AVAILABILITY = YES_AGGRESSIVE;
				CLANG_WARN_UNREACHABLE_CODE = YES;
				CLANG_WARN__DUPLICATE_METHOD_MATCH = YES;
				CODE_SIGN_IDENTITY = "iPhone Developer";
				COPY_PHASE_STRIP = NO;
				DEBUG_INFORMATION_FORMAT = "dwarf-with-dsym";
				ENABLE_NS_ASSERTIONS = NO;
				ENABLE_STRICT_OBJC_MSGSEND = YES;
				GCC_C_LANGUAGE_STANDARD = gnu11;
				GCC_NO_COMMON_BLOCKS = YES;
				GCC_WARN_64_TO_32_BIT_CONVERSION = YES;
				GCC_WARN_ABOUT_RETURN_TYPE = YES_ERROR;
				GCC_WARN_UNDECLARED_SELECTOR = YES;
				GCC_WARN_UNINITIALIZED_AUTOS = YES_AGGRESSIVE;
				GCC_WARN_UNUSED_FUNCTION = YES;
				GCC_WARN_UNUSED_VARIABLE = YES;
				IPHONEOS_DEPLOYMENT_TARGET = 11.1;
				MTL_ENABLE_DEBUG_INFO = NO;
				SDKROOT = iphoneos;
				SWIFT_OPTIMIZATION_LEVEL = "-Owholemodule";
				VALIDATE_PRODUCT = YES;
			};
			name = Release;
		};
		439D5B941FD336070033C61A /* Debug */ = {
			isa = XCBuildConfiguration;
			baseConfigurationReference = 05485F40D15ECA5655BC88DB /* Pods-Energy.debug.xcconfig */;
			buildSettings = {
				ASSETCATALOG_COMPILER_APPICON_NAME = AppIcon;
				CODE_SIGN_STYLE = Automatic;
				DEVELOPMENT_TEAM = MJ2K8SF483;
				INFOPLIST_FILE = Energy/Info.plist;
				IPHONEOS_DEPLOYMENT_TARGET = 11.1;
				LD_RUNPATH_SEARCH_PATHS = "$(inherited) @executable_path/Frameworks";
				PRODUCT_BUNDLE_IDENTIFIER = AAMU.Energy;
				PRODUCT_NAME = "$(TARGET_NAME)";
				SWIFT_VERSION = 4.0;
				TARGETED_DEVICE_FAMILY = "1,2";
			};
			name = Debug;
		};
		439D5B951FD336070033C61A /* Release */ = {
			isa = XCBuildConfiguration;
			baseConfigurationReference = ACC2864AC652599B62C79F2E /* Pods-Energy.release.xcconfig */;
			buildSettings = {
				ASSETCATALOG_COMPILER_APPICON_NAME = AppIcon;
				CODE_SIGN_STYLE = Automatic;
				DEVELOPMENT_TEAM = MJ2K8SF483;
				INFOPLIST_FILE = Energy/Info.plist;
				IPHONEOS_DEPLOYMENT_TARGET = 11.1;
				LD_RUNPATH_SEARCH_PATHS = "$(inherited) @executable_path/Frameworks";
				PRODUCT_BUNDLE_IDENTIFIER = AAMU.Energy;
				PRODUCT_NAME = "$(TARGET_NAME)";
				SWIFT_VERSION = 4.0;
				TARGETED_DEVICE_FAMILY = "1,2";
			};
			name = Release;
		};
		439D5B971FD336070033C61A /* Debug */ = {
			isa = XCBuildConfiguration;
			baseConfigurationReference = 8D69E7E66E1463A5EBC1D868 /* Pods-EnergyTests.debug.xcconfig */;
			buildSettings = {
				ALWAYS_EMBED_SWIFT_STANDARD_LIBRARIES = YES;
				BUNDLE_LOADER = "$(TEST_HOST)";
				CODE_SIGN_STYLE = Automatic;
				INFOPLIST_FILE = EnergyTests/Info.plist;
				LD_RUNPATH_SEARCH_PATHS = "$(inherited) @executable_path/Frameworks @loader_path/Frameworks";
				PRODUCT_BUNDLE_IDENTIFIER = AAMU.EnergyTests;
				PRODUCT_NAME = "$(TARGET_NAME)";
				SWIFT_VERSION = 4.0;
				TARGETED_DEVICE_FAMILY = "1,2";
				TEST_HOST = "$(BUILT_PRODUCTS_DIR)/Energy.app/Energy";
			};
			name = Debug;
		};
		439D5B981FD336070033C61A /* Release */ = {
			isa = XCBuildConfiguration;
			baseConfigurationReference = 9A497BA87B4DB6164AFA3724 /* Pods-EnergyTests.release.xcconfig */;
			buildSettings = {
				ALWAYS_EMBED_SWIFT_STANDARD_LIBRARIES = YES;
				BUNDLE_LOADER = "$(TEST_HOST)";
				CODE_SIGN_STYLE = Automatic;
				INFOPLIST_FILE = EnergyTests/Info.plist;
				LD_RUNPATH_SEARCH_PATHS = "$(inherited) @executable_path/Frameworks @loader_path/Frameworks";
				PRODUCT_BUNDLE_IDENTIFIER = AAMU.EnergyTests;
				PRODUCT_NAME = "$(TARGET_NAME)";
				SWIFT_VERSION = 4.0;
				TARGETED_DEVICE_FAMILY = "1,2";
				TEST_HOST = "$(BUILT_PRODUCTS_DIR)/Energy.app/Energy";
			};
			name = Release;
		};
		439D5B9A1FD336070033C61A /* Debug */ = {
			isa = XCBuildConfiguration;
			baseConfigurationReference = 6050E16C5E78AED734502126 /* Pods-EnergyUITests.debug.xcconfig */;
			buildSettings = {
				ALWAYS_EMBED_SWIFT_STANDARD_LIBRARIES = YES;
				CODE_SIGN_STYLE = Automatic;
				INFOPLIST_FILE = EnergyUITests/Info.plist;
				LD_RUNPATH_SEARCH_PATHS = "$(inherited) @executable_path/Frameworks @loader_path/Frameworks";
				PRODUCT_BUNDLE_IDENTIFIER = AAMU.EnergyUITests;
				PRODUCT_NAME = "$(TARGET_NAME)";
				SWIFT_VERSION = 4.0;
				TARGETED_DEVICE_FAMILY = "1,2";
				TEST_TARGET_NAME = Energy;
			};
			name = Debug;
		};
		439D5B9B1FD336070033C61A /* Release */ = {
			isa = XCBuildConfiguration;
			baseConfigurationReference = 8F619E36E7DDFEBCB1978E06 /* Pods-EnergyUITests.release.xcconfig */;
			buildSettings = {
				ALWAYS_EMBED_SWIFT_STANDARD_LIBRARIES = YES;
				CODE_SIGN_STYLE = Automatic;
				INFOPLIST_FILE = EnergyUITests/Info.plist;
				LD_RUNPATH_SEARCH_PATHS = "$(inherited) @executable_path/Frameworks @loader_path/Frameworks";
				PRODUCT_BUNDLE_IDENTIFIER = AAMU.EnergyUITests;
				PRODUCT_NAME = "$(TARGET_NAME)";
				SWIFT_VERSION = 4.0;
				TARGETED_DEVICE_FAMILY = "1,2";
				TEST_TARGET_NAME = Energy;
			};
			name = Release;
		};
/* End XCBuildConfiguration section */

/* Begin XCConfigurationList section */
		439D5B661FD336070033C61A /* Build configuration list for PBXProject "Energy" */ = {
			isa = XCConfigurationList;
			buildConfigurations = (
				439D5B911FD336070033C61A /* Debug */,
				439D5B921FD336070033C61A /* Release */,
			);
			defaultConfigurationIsVisible = 0;
			defaultConfigurationName = Release;
		};
		439D5B931FD336070033C61A /* Build configuration list for PBXNativeTarget "Energy" */ = {
			isa = XCConfigurationList;
			buildConfigurations = (
				439D5B941FD336070033C61A /* Debug */,
				439D5B951FD336070033C61A /* Release */,
			);
			defaultConfigurationIsVisible = 0;
			defaultConfigurationName = Release;
		};
		439D5B961FD336070033C61A /* Build configuration list for PBXNativeTarget "EnergyTests" */ = {
			isa = XCConfigurationList;
			buildConfigurations = (
				439D5B971FD336070033C61A /* Debug */,
				439D5B981FD336070033C61A /* Release */,
			);
			defaultConfigurationIsVisible = 0;
			defaultConfigurationName = Release;
		};
		439D5B991FD336070033C61A /* Build configuration list for PBXNativeTarget "EnergyUITests" */ = {
			isa = XCConfigurationList;
			buildConfigurations = (
				439D5B9A1FD336070033C61A /* Debug */,
				439D5B9B1FD336070033C61A /* Release */,
			);
			defaultConfigurationIsVisible = 0;
			defaultConfigurationName = Release;
		};
/* End XCConfigurationList section */
	};
	rootObject = 439D5B631FD336070033C61A /* Project object */;
}
